// !$*UTF8*$!
{
	archiveVersion = 1;
	classes = {
	};
	objectVersion = 52;
	objects = {

/* Begin PBXBuildFile section */
		3C47D43F2406753E00818F19 /* ViewController.swift in Sources */ = {isa = PBXBuildFile; fileRef = 3C47D43E2406753E00818F19 /* ViewController.swift */; };
		3C47D44124068A0300818F19 /* anime-scream.mp3 in Resources */ = {isa = PBXBuildFile; fileRef = 3C47D44024068A0300818F19 /* anime-scream.mp3 */; };
		3C56DABB240D14A000DA272C /* Preferences in Frameworks */ = {isa = PBXBuildFile; productRef = 3C56DABA240D14A000DA272C /* Preferences */; };
		3C6FD5162411012400977E8D /* ISSound.swift in Sources */ = {isa = PBXBuildFile; fileRef = 3C6FD5152411012400977E8D /* ISSound.swift */; };
		3C6FD5192411015A00977E8D /* CoreAudio.framework in Frameworks */ = {isa = PBXBuildFile; fileRef = 3C6FD5182411015A00977E8D /* CoreAudio.framework */; };
		3C749EAC240D71E500E1FA9A /* PrefGeneralView.xib in Resources */ = {isa = PBXBuildFile; fileRef = 3C749EAB240D71E500E1FA9A /* PrefGeneralView.xib */; };
		3C749EAE240D720500E1FA9A /* PrefGeneralVC.swift in Sources */ = {isa = PBXBuildFile; fileRef = 3C749EAD240D720500E1FA9A /* PrefGeneralVC.swift */; };
		3C85EB3E240FAD4C002D4416 /* SLPreferences.swift in Sources */ = {isa = PBXBuildFile; fileRef = 3C85EB3D240FAD4C002D4416 /* SLPreferences.swift */; };
		3C85EB41240FBC6D002D4416 /* PrefAdvancedVC.swift in Sources */ = {isa = PBXBuildFile; fileRef = 3C85EB40240FBC6D002D4416 /* PrefAdvancedVC.swift */; };
		3C85EB43240FBD58002D4416 /* PrefAdvancedView.xib in Resources */ = {isa = PBXBuildFile; fileRef = 3C85EB42240FBD58002D4416 /* PrefAdvancedView.xib */; };
		3C85EB45240FC462002D4416 /* Pushover.swift in Sources */ = {isa = PBXBuildFile; fileRef = 3C85EB44240FC462002D4416 /* Pushover.swift */; };
		3CCEF7F5240FDFF500274B77 /* YameruTheProtector.swift in Sources */ = {isa = PBXBuildFile; fileRef = 3CCEF7F4240FDFF500274B77 /* YameruTheProtector.swift */; };
		3CD984C424113C3600046038 /* SwiftHash in Frameworks */ = {isa = PBXBuildFile; productRef = 3CD984C324113C3600046038 /* SwiftHash */; };
		3CD984C62411422700046038 /* ModalViewController.swift in Sources */ = {isa = PBXBuildFile; fileRef = 3CD984C52411422700046038 /* ModalViewController.swift */; };
		A82EED4D2405309C00C28684 /* AppDelegate.swift in Sources */ = {isa = PBXBuildFile; fileRef = A82EED4C2405309C00C28684 /* AppDelegate.swift */; };
		A82EED4F2405309C00C28684 /* ContentView.swift in Sources */ = {isa = PBXBuildFile; fileRef = A82EED4E2405309C00C28684 /* ContentView.swift */; };
		A82EED512405309E00C28684 /* Assets.xcassets in Resources */ = {isa = PBXBuildFile; fileRef = A82EED502405309E00C28684 /* Assets.xcassets */; };
		A82EED542405309E00C28684 /* Preview Assets.xcassets in Resources */ = {isa = PBXBuildFile; fileRef = A82EED532405309E00C28684 /* Preview Assets.xcassets */; };
		A82EED572405309E00C28684 /* Main.storyboard in Resources */ = {isa = PBXBuildFile; fileRef = A82EED552405309E00C28684 /* Main.storyboard */; };
		A82EED632405309E00C28684 /* YameruTests.swift in Sources */ = {isa = PBXBuildFile; fileRef = A82EED622405309E00C28684 /* YameruTests.swift */; };
		A82EED6E2405309E00C28684 /* YameruUITests.swift in Sources */ = {isa = PBXBuildFile; fileRef = A82EED6D2405309E00C28684 /* YameruUITests.swift */; };
		A82EED7C24054B3800C28684 /* batteryStatus.swift in Sources */ = {isa = PBXBuildFile; fileRef = A82EED7B24054B3800C28684 /* batteryStatus.swift */; };
/* End PBXBuildFile section */

/* Begin PBXContainerItemProxy section */
		A82EED5F2405309E00C28684 /* PBXContainerItemProxy */ = {
			isa = PBXContainerItemProxy;
			containerPortal = A82EED412405309B00C28684 /* Project object */;
			proxyType = 1;
			remoteGlobalIDString = A82EED482405309C00C28684;
			remoteInfo = Yameru;
		};
		A82EED6A2405309E00C28684 /* PBXContainerItemProxy */ = {
			isa = PBXContainerItemProxy;
			containerPortal = A82EED412405309B00C28684 /* Project object */;
			proxyType = 1;
			remoteGlobalIDString = A82EED482405309C00C28684;
			remoteInfo = Yameru;
		};
/* End PBXContainerItemProxy section */

/* Begin PBXFileReference section */
		3C47D43E2406753E00818F19 /* ViewController.swift */ = {isa = PBXFileReference; lastKnownFileType = sourcecode.swift; path = ViewController.swift; sourceTree = "<group>"; };
		3C47D44024068A0300818F19 /* anime-scream.mp3 */ = {isa = PBXFileReference; lastKnownFileType = audio.mp3; path = "anime-scream.mp3"; sourceTree = "<group>"; };
		3C6FD5152411012400977E8D /* ISSound.swift */ = {isa = PBXFileReference; lastKnownFileType = sourcecode.swift; path = ISSound.swift; sourceTree = "<group>"; };
		3C6FD5182411015A00977E8D /* CoreAudio.framework */ = {isa = PBXFileReference; lastKnownFileType = wrapper.framework; name = CoreAudio.framework; path = System/Library/Frameworks/CoreAudio.framework; sourceTree = SDKROOT; };
		3C749EAB240D71E500E1FA9A /* PrefGeneralView.xib */ = {isa = PBXFileReference; lastKnownFileType = file.xib; path = PrefGeneralView.xib; sourceTree = "<group>"; };
		3C749EAD240D720500E1FA9A /* PrefGeneralVC.swift */ = {isa = PBXFileReference; lastKnownFileType = sourcecode.swift; path = PrefGeneralVC.swift; sourceTree = "<group>"; };
		3C85EB3D240FAD4C002D4416 /* SLPreferences.swift */ = {isa = PBXFileReference; lastKnownFileType = sourcecode.swift; path = SLPreferences.swift; sourceTree = "<group>"; };
		3C85EB40240FBC6D002D4416 /* PrefAdvancedVC.swift */ = {isa = PBXFileReference; lastKnownFileType = sourcecode.swift; path = PrefAdvancedVC.swift; sourceTree = "<group>"; };
		3C85EB42240FBD58002D4416 /* PrefAdvancedView.xib */ = {isa = PBXFileReference; lastKnownFileType = file.xib; path = PrefAdvancedView.xib; sourceTree = "<group>"; };
		3C85EB44240FC462002D4416 /* Pushover.swift */ = {isa = PBXFileReference; lastKnownFileType = sourcecode.swift; path = Pushover.swift; sourceTree = "<group>"; };
		3CCEF7F4240FDFF500274B77 /* YameruTheProtector.swift */ = {isa = PBXFileReference; lastKnownFileType = sourcecode.swift; path = YameruTheProtector.swift; sourceTree = "<group>"; };
		3CD984C52411422700046038 /* ModalViewController.swift */ = {isa = PBXFileReference; lastKnownFileType = sourcecode.swift; path = ModalViewController.swift; sourceTree = "<group>"; };
		A82EED492405309C00C28684 /* Yameru.app */ = {isa = PBXFileReference; explicitFileType = wrapper.application; includeInIndex = 0; path = Yameru.app; sourceTree = BUILT_PRODUCTS_DIR; };
		A82EED4C2405309C00C28684 /* AppDelegate.swift */ = {isa = PBXFileReference; lastKnownFileType = sourcecode.swift; path = AppDelegate.swift; sourceTree = "<group>"; };
		A82EED4E2405309C00C28684 /* ContentView.swift */ = {isa = PBXFileReference; lastKnownFileType = sourcecode.swift; path = ContentView.swift; sourceTree = "<group>"; };
		A82EED502405309E00C28684 /* Assets.xcassets */ = {isa = PBXFileReference; lastKnownFileType = folder.assetcatalog; path = Assets.xcassets; sourceTree = "<group>"; };
		A82EED532405309E00C28684 /* Preview Assets.xcassets */ = {isa = PBXFileReference; lastKnownFileType = folder.assetcatalog; path = "Preview Assets.xcassets"; sourceTree = "<group>"; };
		A82EED562405309E00C28684 /* Base */ = {isa = PBXFileReference; lastKnownFileType = file.storyboard; name = Base; path = Base.lproj/Main.storyboard; sourceTree = "<group>"; };
		A82EED582405309E00C28684 /* Info.plist */ = {isa = PBXFileReference; lastKnownFileType = text.plist.xml; path = Info.plist; sourceTree = "<group>"; };
		A82EED592405309E00C28684 /* Yameru.entitlements */ = {isa = PBXFileReference; lastKnownFileType = text.plist.entitlements; path = Yameru.entitlements; sourceTree = "<group>"; };
		A82EED5E2405309E00C28684 /* YameruTests.xctest */ = {isa = PBXFileReference; explicitFileType = wrapper.cfbundle; includeInIndex = 0; path = YameruTests.xctest; sourceTree = BUILT_PRODUCTS_DIR; };
		A82EED622405309E00C28684 /* YameruTests.swift */ = {isa = PBXFileReference; lastKnownFileType = sourcecode.swift; path = YameruTests.swift; sourceTree = "<group>"; };
		A82EED642405309E00C28684 /* Info.plist */ = {isa = PBXFileReference; lastKnownFileType = text.plist.xml; path = Info.plist; sourceTree = "<group>"; };
		A82EED692405309E00C28684 /* YameruUITests.xctest */ = {isa = PBXFileReference; explicitFileType = wrapper.cfbundle; includeInIndex = 0; path = YameruUITests.xctest; sourceTree = BUILT_PRODUCTS_DIR; };
		A82EED6D2405309E00C28684 /* YameruUITests.swift */ = {isa = PBXFileReference; lastKnownFileType = sourcecode.swift; path = YameruUITests.swift; sourceTree = "<group>"; };
		A82EED6F2405309E00C28684 /* Info.plist */ = {isa = PBXFileReference; lastKnownFileType = text.plist.xml; path = Info.plist; sourceTree = "<group>"; };
		A82EED7B24054B3800C28684 /* batteryStatus.swift */ = {isa = PBXFileReference; lastKnownFileType = sourcecode.swift; path = batteryStatus.swift; sourceTree = "<group>"; };
/* End PBXFileReference section */

/* Begin PBXFrameworksBuildPhase section */
		A82EED462405309C00C28684 /* Frameworks */ = {
			isa = PBXFrameworksBuildPhase;
			buildActionMask = 2147483647;
			files = (
				3C6FD5192411015A00977E8D /* CoreAudio.framework in Frameworks */,
				3C56DABB240D14A000DA272C /* Preferences in Frameworks */,
				3CD984C424113C3600046038 /* SwiftHash in Frameworks */,
			);
			runOnlyForDeploymentPostprocessing = 0;
		};
		A82EED5B2405309E00C28684 /* Frameworks */ = {
			isa = PBXFrameworksBuildPhase;
			buildActionMask = 2147483647;
			files = (
			);
			runOnlyForDeploymentPostprocessing = 0;
		};
		A82EED662405309E00C28684 /* Frameworks */ = {
			isa = PBXFrameworksBuildPhase;
			buildActionMask = 2147483647;
			files = (
			);
			runOnlyForDeploymentPostprocessing = 0;
		};
/* End PBXFrameworksBuildPhase section */

/* Begin PBXGroup section */
		3C6FD5172411015900977E8D /* Frameworks */ = {
			isa = PBXGroup;
			children = (
				3C6FD5182411015A00977E8D /* CoreAudio.framework */,
			);
			name = Frameworks;
			sourceTree = "<group>";
		};
		3C749EAA240D71D400E1FA9A /* Settings */ = {
			isa = PBXGroup;
			children = (
				3C749EAB240D71E500E1FA9A /* PrefGeneralView.xib */,
				3C749EAD240D720500E1FA9A /* PrefGeneralVC.swift */,
				3C85EB42240FBD58002D4416 /* PrefAdvancedView.xib */,
				3C85EB40240FBC6D002D4416 /* PrefAdvancedVC.swift */,
			);
			path = Settings;
			sourceTree = "<group>";
		};
		A82EED402405309B00C28684 = {
			isa = PBXGroup;
			children = (
				A82EED4B2405309C00C28684 /* Yameru */,
				A82EED612405309E00C28684 /* YameruTests */,
				A82EED6C2405309E00C28684 /* YameruUITests */,
				A82EED4A2405309C00C28684 /* Products */,
				3C6FD5172411015900977E8D /* Frameworks */,
			);
			sourceTree = "<group>";
		};
		A82EED4A2405309C00C28684 /* Products */ = {
			isa = PBXGroup;
			children = (
				A82EED492405309C00C28684 /* Yameru.app */,
				A82EED5E2405309E00C28684 /* YameruTests.xctest */,
				A82EED692405309E00C28684 /* YameruUITests.xctest */,
			);
			name = Products;
			sourceTree = "<group>";
		};
		A82EED4B2405309C00C28684 /* Yameru */ = {
			isa = PBXGroup;
			children = (
				3C749EAA240D71D400E1FA9A /* Settings */,
				3C47D44024068A0300818F19 /* anime-scream.mp3 */,
				A82EED4C2405309C00C28684 /* AppDelegate.swift */,
				3C85EB3D240FAD4C002D4416 /* SLPreferences.swift */,
				A82EED4E2405309C00C28684 /* ContentView.swift */,
				A82EED502405309E00C28684 /* Assets.xcassets */,
				A82EED552405309E00C28684 /* Main.storyboard */,
				3C47D43E2406753E00818F19 /* ViewController.swift */,
				3CD984C52411422700046038 /* ModalViewController.swift */,
				A82EED582405309E00C28684 /* Info.plist */,
				A82EED592405309E00C28684 /* Yameru.entitlements */,
				A82EED522405309E00C28684 /* Preview Content */,
				A82EED7B24054B3800C28684 /* batteryStatus.swift */,
				3C6FD5152411012400977E8D /* ISSound.swift */,
				3C85EB44240FC462002D4416 /* Pushover.swift */,
				3CCEF7F4240FDFF500274B77 /* YameruTheProtector.swift */,
			);
			path = Yameru;
			sourceTree = "<group>";
		};
		A82EED522405309E00C28684 /* Preview Content */ = {
			isa = PBXGroup;
			children = (
				A82EED532405309E00C28684 /* Preview Assets.xcassets */,
			);
			path = "Preview Content";
			sourceTree = "<group>";
		};
		A82EED612405309E00C28684 /* YameruTests */ = {
			isa = PBXGroup;
			children = (
				A82EED622405309E00C28684 /* YameruTests.swift */,
				A82EED642405309E00C28684 /* Info.plist */,
			);
			path = YameruTests;
			sourceTree = "<group>";
		};
		A82EED6C2405309E00C28684 /* YameruUITests */ = {
			isa = PBXGroup;
			children = (
				A82EED6D2405309E00C28684 /* YameruUITests.swift */,
				A82EED6F2405309E00C28684 /* Info.plist */,
			);
			path = YameruUITests;
			sourceTree = "<group>";
		};
/* End PBXGroup section */

/* Begin PBXNativeTarget section */
		A82EED482405309C00C28684 /* Yameru */ = {
			isa = PBXNativeTarget;
			buildConfigurationList = A82EED722405309E00C28684 /* Build configuration list for PBXNativeTarget "Yameru" */;
			buildPhases = (
				A82EED452405309C00C28684 /* Sources */,
				A82EED462405309C00C28684 /* Frameworks */,
				A82EED472405309C00C28684 /* Resources */,
			);
			buildRules = (
			);
			dependencies = (
			);
			name = Yameru;
			packageProductDependencies = (
				3C56DABA240D14A000DA272C /* Preferences */,
				3CD984C324113C3600046038 /* SwiftHash */,
			);
			productName = Yameru;
			productReference = A82EED492405309C00C28684 /* Yameru.app */;
			productType = "com.apple.product-type.application";
		};
		A82EED5D2405309E00C28684 /* YameruTests */ = {
			isa = PBXNativeTarget;
			buildConfigurationList = A82EED752405309E00C28684 /* Build configuration list for PBXNativeTarget "YameruTests" */;
			buildPhases = (
				A82EED5A2405309E00C28684 /* Sources */,
				A82EED5B2405309E00C28684 /* Frameworks */,
				A82EED5C2405309E00C28684 /* Resources */,
			);
			buildRules = (
			);
			dependencies = (
				A82EED602405309E00C28684 /* PBXTargetDependency */,
			);
			name = YameruTests;
			productName = YameruTests;
			productReference = A82EED5E2405309E00C28684 /* YameruTests.xctest */;
			productType = "com.apple.product-type.bundle.unit-test";
		};
		A82EED682405309E00C28684 /* YameruUITests */ = {
			isa = PBXNativeTarget;
			buildConfigurationList = A82EED782405309E00C28684 /* Build configuration list for PBXNativeTarget "YameruUITests" */;
			buildPhases = (
				A82EED652405309E00C28684 /* Sources */,
				A82EED662405309E00C28684 /* Frameworks */,
				A82EED672405309E00C28684 /* Resources */,
			);
			buildRules = (
			);
			dependencies = (
				A82EED6B2405309E00C28684 /* PBXTargetDependency */,
			);
			name = YameruUITests;
			productName = YameruUITests;
			productReference = A82EED692405309E00C28684 /* YameruUITests.xctest */;
			productType = "com.apple.product-type.bundle.ui-testing";
		};
/* End PBXNativeTarget section */

/* Begin PBXProject section */
		A82EED412405309B00C28684 /* Project object */ = {
			isa = PBXProject;
			attributes = {
				LastSwiftUpdateCheck = 1130;
				LastUpgradeCheck = 1130;
				ORGANIZATIONNAME = "Sun Labs";
				TargetAttributes = {
					A82EED482405309C00C28684 = {
						CreatedOnToolsVersion = 11.3.1;
					};
					A82EED5D2405309E00C28684 = {
						CreatedOnToolsVersion = 11.3.1;
						TestTargetID = A82EED482405309C00C28684;
					};
					A82EED682405309E00C28684 = {
						CreatedOnToolsVersion = 11.3.1;
						TestTargetID = A82EED482405309C00C28684;
					};
				};
			};
			buildConfigurationList = A82EED442405309B00C28684 /* Build configuration list for PBXProject "Yameru" */;
			compatibilityVersion = "Xcode 9.3";
			developmentRegion = en;
			hasScannedForEncodings = 0;
			knownRegions = (
				en,
				Base,
			);
			mainGroup = A82EED402405309B00C28684;
			packageReferences = (
				3C56DAB9240D14A000DA272C /* XCRemoteSwiftPackageReference "Preferences" */,
				3CD984C224113C3600046038 /* XCRemoteSwiftPackageReference "SwiftHash" */,
			);
			productRefGroup = A82EED4A2405309C00C28684 /* Products */;
			projectDirPath = "";
			projectRoot = "";
			targets = (
				A82EED482405309C00C28684 /* Yameru */,
				A82EED5D2405309E00C28684 /* YameruTests */,
				A82EED682405309E00C28684 /* YameruUITests */,
			);
		};
/* End PBXProject section */

/* Begin PBXResourcesBuildPhase section */
		A82EED472405309C00C28684 /* Resources */ = {
			isa = PBXResourcesBuildPhase;
			buildActionMask = 2147483647;
			files = (
				3C47D44124068A0300818F19 /* anime-scream.mp3 in Resources */,
				A82EED572405309E00C28684 /* Main.storyboard in Resources */,
				A82EED542405309E00C28684 /* Preview Assets.xcassets in Resources */,
				A82EED512405309E00C28684 /* Assets.xcassets in Resources */,
				3C749EAC240D71E500E1FA9A /* PrefGeneralView.xib in Resources */,
				3C85EB43240FBD58002D4416 /* PrefAdvancedView.xib in Resources */,
			);
			runOnlyForDeploymentPostprocessing = 0;
		};
		A82EED5C2405309E00C28684 /* Resources */ = {
			isa = PBXResourcesBuildPhase;
			buildActionMask = 2147483647;
			files = (
			);
			runOnlyForDeploymentPostprocessing = 0;
		};
		A82EED672405309E00C28684 /* Resources */ = {
			isa = PBXResourcesBuildPhase;
			buildActionMask = 2147483647;
			files = (
			);
			runOnlyForDeploymentPostprocessing = 0;
		};
/* End PBXResourcesBuildPhase section */

/* Begin PBXSourcesBuildPhase section */
		A82EED452405309C00C28684 /* Sources */ = {
			isa = PBXSourcesBuildPhase;
			buildActionMask = 2147483647;
			files = (
				A82EED7C24054B3800C28684 /* batteryStatus.swift in Sources */,
				A82EED4F2405309C00C28684 /* ContentView.swift in Sources */,
				3C85EB41240FBC6D002D4416 /* PrefAdvancedVC.swift in Sources */,
				3CD984C62411422700046038 /* ModalViewController.swift in Sources */,
				3C6FD5162411012400977E8D /* ISSound.swift in Sources */,
				3C749EAE240D720500E1FA9A /* PrefGeneralVC.swift in Sources */,
				3C85EB3E240FAD4C002D4416 /* SLPreferences.swift in Sources */,
				3C85EB45240FC462002D4416 /* Pushover.swift in Sources */,
				3C47D43F2406753E00818F19 /* ViewController.swift in Sources */,
				3CCEF7F5240FDFF500274B77 /* YameruTheProtector.swift in Sources */,
				A82EED4D2405309C00C28684 /* AppDelegate.swift in Sources */,
			);
			runOnlyForDeploymentPostprocessing = 0;
		};
		A82EED5A2405309E00C28684 /* Sources */ = {
			isa = PBXSourcesBuildPhase;
			buildActionMask = 2147483647;
			files = (
				A82EED632405309E00C28684 /* YameruTests.swift in Sources */,
			);
			runOnlyForDeploymentPostprocessing = 0;
		};
		A82EED652405309E00C28684 /* Sources */ = {
			isa = PBXSourcesBuildPhase;
			buildActionMask = 2147483647;
			files = (
				A82EED6E2405309E00C28684 /* YameruUITests.swift in Sources */,
			);
			runOnlyForDeploymentPostprocessing = 0;
		};
/* End PBXSourcesBuildPhase section */

/* Begin PBXTargetDependency section */
		A82EED602405309E00C28684 /* PBXTargetDependency */ = {
			isa = PBXTargetDependency;
			target = A82EED482405309C00C28684 /* Yameru */;
			targetProxy = A82EED5F2405309E00C28684 /* PBXContainerItemProxy */;
		};
		A82EED6B2405309E00C28684 /* PBXTargetDependency */ = {
			isa = PBXTargetDependency;
			target = A82EED482405309C00C28684 /* Yameru */;
			targetProxy = A82EED6A2405309E00C28684 /* PBXContainerItemProxy */;
		};
/* End PBXTargetDependency section */

/* Begin PBXVariantGroup section */
		A82EED552405309E00C28684 /* Main.storyboard */ = {
			isa = PBXVariantGroup;
			children = (
				A82EED562405309E00C28684 /* Base */,
			);
			name = Main.storyboard;
			sourceTree = "<group>";
		};
/* End PBXVariantGroup section */

/* Begin XCBuildConfiguration section */
		A82EED702405309E00C28684 /* Debug */ = {
			isa = XCBuildConfiguration;
			buildSettings = {
				ALWAYS_SEARCH_USER_PATHS = NO;
				CLANG_ANALYZER_NONNULL = YES;
				CLANG_ANALYZER_NUMBER_OBJECT_CONVERSION = YES_AGGRESSIVE;
				CLANG_CXX_LANGUAGE_STANDARD = "gnu++14";
				CLANG_CXX_LIBRARY = "libc++";
				CLANG_ENABLE_MODULES = YES;
				CLANG_ENABLE_OBJC_ARC = YES;
				CLANG_ENABLE_OBJC_WEAK = YES;
				CLANG_WARN_BLOCK_CAPTURE_AUTORELEASING = YES;
				CLANG_WARN_BOOL_CONVERSION = YES;
				CLANG_WARN_COMMA = YES;
				CLANG_WARN_CONSTANT_CONVERSION = YES;
				CLANG_WARN_DEPRECATED_OBJC_IMPLEMENTATIONS = YES;
				CLANG_WARN_DIRECT_OBJC_ISA_USAGE = YES_ERROR;
				CLANG_WARN_DOCUMENTATION_COMMENTS = YES;
				CLANG_WARN_EMPTY_BODY = YES;
				CLANG_WARN_ENUM_CONVERSION = YES;
				CLANG_WARN_INFINITE_RECURSION = YES;
				CLANG_WARN_INT_CONVERSION = YES;
				CLANG_WARN_NON_LITERAL_NULL_CONVERSION = YES;
				CLANG_WARN_OBJC_IMPLICIT_RETAIN_SELF = YES;
				CLANG_WARN_OBJC_LITERAL_CONVERSION = YES;
				CLANG_WARN_OBJC_ROOT_CLASS = YES_ERROR;
				CLANG_WARN_RANGE_LOOP_ANALYSIS = YES;
				CLANG_WARN_STRICT_PROTOTYPES = YES;
				CLANG_WARN_SUSPICIOUS_MOVE = YES;
				CLANG_WARN_UNGUARDED_AVAILABILITY = YES_AGGRESSIVE;
				CLANG_WARN_UNREACHABLE_CODE = YES;
				CLANG_WARN__DUPLICATE_METHOD_MATCH = YES;
				COPY_PHASE_STRIP = NO;
				DEBUG_INFORMATION_FORMAT = dwarf;
				ENABLE_STRICT_OBJC_MSGSEND = YES;
				ENABLE_TESTABILITY = YES;
				GCC_C_LANGUAGE_STANDARD = gnu11;
				GCC_DYNAMIC_NO_PIC = NO;
				GCC_NO_COMMON_BLOCKS = YES;
				GCC_OPTIMIZATION_LEVEL = 0;
				GCC_PREPROCESSOR_DEFINITIONS = (
					"DEBUG=1",
					"$(inherited)",
				);
				GCC_WARN_64_TO_32_BIT_CONVERSION = YES;
				GCC_WARN_ABOUT_RETURN_TYPE = YES_ERROR;
				GCC_WARN_UNDECLARED_SELECTOR = YES;
				GCC_WARN_UNINITIALIZED_AUTOS = YES_AGGRESSIVE;
				GCC_WARN_UNUSED_FUNCTION = YES;
				GCC_WARN_UNUSED_VARIABLE = YES;
				MACOSX_DEPLOYMENT_TARGET = 10.15;
				MTL_ENABLE_DEBUG_INFO = INCLUDE_SOURCE;
				MTL_FAST_MATH = YES;
				ONLY_ACTIVE_ARCH = YES;
				SDKROOT = macosx;
				SWIFT_ACTIVE_COMPILATION_CONDITIONS = DEBUG;
				SWIFT_OPTIMIZATION_LEVEL = "-Onone";
			};
			name = Debug;
		};
		A82EED712405309E00C28684 /* Release */ = {
			isa = XCBuildConfiguration;
			buildSettings = {
				ALWAYS_SEARCH_USER_PATHS = NO;
				CLANG_ANALYZER_NONNULL = YES;
				CLANG_ANALYZER_NUMBER_OBJECT_CONVERSION = YES_AGGRESSIVE;
				CLANG_CXX_LANGUAGE_STANDARD = "gnu++14";
				CLANG_CXX_LIBRARY = "libc++";
				CLANG_ENABLE_MODULES = YES;
				CLANG_ENABLE_OBJC_ARC = YES;
				CLANG_ENABLE_OBJC_WEAK = YES;
				CLANG_WARN_BLOCK_CAPTURE_AUTORELEASING = YES;
				CLANG_WARN_BOOL_CONVERSION = YES;
				CLANG_WARN_COMMA = YES;
				CLANG_WARN_CONSTANT_CONVERSION = YES;
				CLANG_WARN_DEPRECATED_OBJC_IMPLEMENTATIONS = YES;
				CLANG_WARN_DIRECT_OBJC_ISA_USAGE = YES_ERROR;
				CLANG_WARN_DOCUMENTATION_COMMENTS = YES;
				CLANG_WARN_EMPTY_BODY = YES;
				CLANG_WARN_ENUM_CONVERSION = YES;
				CLANG_WARN_INFINITE_RECURSION = YES;
				CLANG_WARN_INT_CONVERSION = YES;
				CLANG_WARN_NON_LITERAL_NULL_CONVERSION = YES;
				CLANG_WARN_OBJC_IMPLICIT_RETAIN_SELF = YES;
				CLANG_WARN_OBJC_LITERAL_CONVERSION = YES;
				CLANG_WARN_OBJC_ROOT_CLASS = YES_ERROR;
				CLANG_WARN_RANGE_LOOP_ANALYSIS = YES;
				CLANG_WARN_STRICT_PROTOTYPES = YES;
				CLANG_WARN_SUSPICIOUS_MOVE = YES;
				CLANG_WARN_UNGUARDED_AVAILABILITY = YES_AGGRESSIVE;
				CLANG_WARN_UNREACHABLE_CODE = YES;
				CLANG_WARN__DUPLICATE_METHOD_MATCH = YES;
				COPY_PHASE_STRIP = NO;
				DEBUG_INFORMATION_FORMAT = "dwarf-with-dsym";
				ENABLE_NS_ASSERTIONS = NO;
				ENABLE_STRICT_OBJC_MSGSEND = YES;
				GCC_C_LANGUAGE_STANDARD = gnu11;
				GCC_NO_COMMON_BLOCKS = YES;
				GCC_WARN_64_TO_32_BIT_CONVERSION = YES;
				GCC_WARN_ABOUT_RETURN_TYPE = YES_ERROR;
				GCC_WARN_UNDECLARED_SELECTOR = YES;
				GCC_WARN_UNINITIALIZED_AUTOS = YES_AGGRESSIVE;
				GCC_WARN_UNUSED_FUNCTION = YES;
				GCC_WARN_UNUSED_VARIABLE = YES;
				MACOSX_DEPLOYMENT_TARGET = 10.15;
				MTL_ENABLE_DEBUG_INFO = NO;
				MTL_FAST_MATH = YES;
				SDKROOT = macosx;
				SWIFT_COMPILATION_MODE = wholemodule;
				SWIFT_OPTIMIZATION_LEVEL = "-O";
			};
			name = Release;
		};
		A82EED732405309E00C28684 /* Debug */ = {
			isa = XCBuildConfiguration;
			buildSettings = {
				ASSETCATALOG_COMPILER_APPICON_NAME = AppIcon;
				CODE_SIGN_ENTITLEMENTS = Yameru/Yameru.entitlements;
				CODE_SIGN_STYLE = Automatic;
				COMBINE_HIDPI_IMAGES = YES;
				DEVELOPMENT_ASSET_PATHS = "\"Yameru/Preview Content\"";
				ENABLE_PREVIEWS = YES;
				INFOPLIST_FILE = Yameru/Info.plist;
				LD_RUNPATH_SEARCH_PATHS = (
					"$(inherited)",
					"@executable_path/../Frameworks",
				);
				MACOSX_DEPLOYMENT_TARGET = 10.14;
				PRODUCT_BUNDLE_IDENTIFIER = se.sunlabs.yameru;
				PRODUCT_NAME = "$(TARGET_NAME)";
				SWIFT_VERSION = 5.0;
			};
			name = Debug;
		};
		A82EED742405309E00C28684 /* Release */ = {
			isa = XCBuildConfiguration;
			buildSettings = {
				ASSETCATALOG_COMPILER_APPICON_NAME = AppIcon;
				CODE_SIGN_ENTITLEMENTS = Yameru/Yameru.entitlements;
				CODE_SIGN_STYLE = Automatic;
				COMBINE_HIDPI_IMAGES = YES;
				DEVELOPMENT_ASSET_PATHS = "\"Yameru/Preview Content\"";
				ENABLE_PREVIEWS = YES;
				INFOPLIST_FILE = Yameru/Info.plist;
				LD_RUNPATH_SEARCH_PATHS = (
					"$(inherited)",
					"@executable_path/../Frameworks",
				);
				MACOSX_DEPLOYMENT_TARGET = 10.14;
				PRODUCT_BUNDLE_IDENTIFIER = se.sunlabs.yameru;
				PRODUCT_NAME = "$(TARGET_NAME)";
				SWIFT_VERSION = 5.0;
			};
			name = Release;
		};
		A82EED762405309E00C28684 /* Debug */ = {
			isa = XCBuildConfiguration;
			buildSettings = {
				ALWAYS_EMBED_SWIFT_STANDARD_LIBRARIES = YES;
				BUNDLE_LOADER = "$(TEST_HOST)";
				CODE_SIGN_STYLE = Automatic;
				COMBINE_HIDPI_IMAGES = YES;
				INFOPLIST_FILE = YameruTests/Info.plist;
				LD_RUNPATH_SEARCH_PATHS = (
					"$(inherited)",
					"@executable_path/../Frameworks",
					"@loader_path/../Frameworks",
				);
				MACOSX_DEPLOYMENT_TARGET = 10.15;
				PRODUCT_BUNDLE_IDENTIFIER = sun.YameruTests;
				PRODUCT_NAME = "$(TARGET_NAME)";
				SWIFT_VERSION = 5.0;
				TEST_HOST = "$(BUILT_PRODUCTS_DIR)/Yameru.app/Contents/MacOS/Yameru";
			};
			name = Debug;
		};
		A82EED772405309E00C28684 /* Release */ = {
			isa = XCBuildConfiguration;
			buildSettings = {
				ALWAYS_EMBED_SWIFT_STANDARD_LIBRARIES = YES;
				BUNDLE_LOADER = "$(TEST_HOST)";
				CODE_SIGN_STYLE = Automatic;
				COMBINE_HIDPI_IMAGES = YES;
				INFOPLIST_FILE = YameruTests/Info.plist;
				LD_RUNPATH_SEARCH_PATHS = (
					"$(inherited)",
					"@executable_path/../Frameworks",
					"@loader_path/../Frameworks",
				);
				MACOSX_DEPLOYMENT_TARGET = 10.15;
				PRODUCT_BUNDLE_IDENTIFIER = sun.YameruTests;
				PRODUCT_NAME = "$(TARGET_NAME)";
				SWIFT_VERSION = 5.0;
				TEST_HOST = "$(BUILT_PRODUCTS_DIR)/Yameru.app/Contents/MacOS/Yameru";
			};
			name = Release;
		};
		A82EED792405309E00C28684 /* Debug */ = {
			isa = XCBuildConfiguration;
			buildSettings = {
				ALWAYS_EMBED_SWIFT_STANDARD_LIBRARIES = YES;
				CODE_SIGN_STYLE = Automatic;
				COMBINE_HIDPI_IMAGES = YES;
				INFOPLIST_FILE = YameruUITests/Info.plist;
				LD_RUNPATH_SEARCH_PATHS = (
					"$(inherited)",
					"@executable_path/../Frameworks",
					"@loader_path/../Frameworks",
				);
				PRODUCT_BUNDLE_IDENTIFIER = sun.YameruUITests;
				PRODUCT_NAME = "$(TARGET_NAME)";
				SWIFT_VERSION = 5.0;
				TEST_TARGET_NAME = Yameru;
			};
			name = Debug;
		};
		A82EED7A2405309E00C28684 /* Release */ = {
			isa = XCBuildConfiguration;
			buildSettings = {
				ALWAYS_EMBED_SWIFT_STANDARD_LIBRARIES = YES;
				CODE_SIGN_STYLE = Automatic;
				COMBINE_HIDPI_IMAGES = YES;
				INFOPLIST_FILE = YameruUITests/Info.plist;
				LD_RUNPATH_SEARCH_PATHS = (
					"$(inherited)",
					"@executable_path/../Frameworks",
					"@loader_path/../Frameworks",
				);
				PRODUCT_BUNDLE_IDENTIFIER = sun.YameruUITests;
				PRODUCT_NAME = "$(TARGET_NAME)";
				SWIFT_VERSION = 5.0;
				TEST_TARGET_NAME = Yameru;
			};
			name = Release;
		};
/* End XCBuildConfiguration section */

/* Begin XCConfigurationList section */
		A82EED442405309B00C28684 /* Build configuration list for PBXProject "Yameru" */ = {
			isa = XCConfigurationList;
			buildConfigurations = (
				A82EED702405309E00C28684 /* Debug */,
				A82EED712405309E00C28684 /* Release */,
			);
			defaultConfigurationIsVisible = 0;
			defaultConfigurationName = Release;
		};
		A82EED722405309E00C28684 /* Build configuration list for PBXNativeTarget "Yameru" */ = {
			isa = XCConfigurationList;
			buildConfigurations = (
				A82EED732405309E00C28684 /* Debug */,
				A82EED742405309E00C28684 /* Release */,
			);
			defaultConfigurationIsVisible = 0;
			defaultConfigurationName = Release;
		};
		A82EED752405309E00C28684 /* Build configuration list for PBXNativeTarget "YameruTests" */ = {
			isa = XCConfigurationList;
			buildConfigurations = (
				A82EED762405309E00C28684 /* Debug */,
				A82EED772405309E00C28684 /* Release */,
			);
			defaultConfigurationIsVisible = 0;
			defaultConfigurationName = Release;
		};
		A82EED782405309E00C28684 /* Build configuration list for PBXNativeTarget "YameruUITests" */ = {
			isa = XCConfigurationList;
			buildConfigurations = (
				A82EED792405309E00C28684 /* Debug */,
				A82EED7A2405309E00C28684 /* Release */,
			);
			defaultConfigurationIsVisible = 0;
			defaultConfigurationName = Release;
		};
/* End XCConfigurationList section */

/* Begin XCRemoteSwiftPackageReference section */
		3C56DAB9240D14A000DA272C /* XCRemoteSwiftPackageReference "Preferences" */ = {
			isa = XCRemoteSwiftPackageReference;
			repositoryURL = "https://github.com/sindresorhus/Preferences";
			requirement = {
				kind = upToNextMajorVersion;
				minimumVersion = 1.0.1;
			};
		};
		3CD984C224113C3600046038 /* XCRemoteSwiftPackageReference "SwiftHash" */ = {
			isa = XCRemoteSwiftPackageReference;
			repositoryURL = "https://github.com/onmyway133/SwiftHash";
			requirement = {
				kind = upToNextMajorVersion;
				minimumVersion = 2.0.2;
			};
		};
/* End XCRemoteSwiftPackageReference section */

/* Begin XCSwiftPackageProductDependency section */
		3C56DABA240D14A000DA272C /* Preferences */ = {
			isa = XCSwiftPackageProductDependency;
			package = 3C56DAB9240D14A000DA272C /* XCRemoteSwiftPackageReference "Preferences" */;
			productName = Preferences;
		};
		3CD984C324113C3600046038 /* SwiftHash */ = {
			isa = XCSwiftPackageProductDependency;
			package = 3CD984C224113C3600046038 /* XCRemoteSwiftPackageReference "SwiftHash" */;
			productName = SwiftHash;
		};
/* End XCSwiftPackageProductDependency section */
	};
	rootObject = A82EED412405309B00C28684 /* Project object */;
}
